// !$*UTF8*$!
{
	archiveVersion = 1;
	classes = {
	};
	objectVersion = 56;
	objects = {

/* Begin PBXBuildFile section */
		A1B2C3D40100000000000001 /* AhemApp.swift in Sources */ = {isa = PBXBuildFile; fileRef = A1B2C3D40200000000000001 /* AhemApp.swift */; };
		A1B2C3D40100000000000002 /* AppCoordinator.swift in Sources */ = {isa = PBXBuildFile; fileRef = A1B2C3D40200000000000002 /* AppCoordinator.swift */; };
		A1B2C3D40100000000000003 /* MenuBarView.swift in Sources */ = {isa = PBXBuildFile; fileRef = A1B2C3D40200000000000003 /* MenuBarView.swift */; };
/* End PBXBuildFile section */

/* Begin PBXFileReference section */
		A1B2C3D40200000000000001 /* AhemApp.swift */ = {isa = PBXFileReference; lastKnownFileType = sourcecode.swift; path = AhemApp.swift; sourceTree = "<group>"; };
		A1B2C3D40200000000000002 /* AppCoordinator.swift */ = {isa = PBXFileReference; lastKnownFileType = sourcecode.swift; path = AppCoordinator.swift; sourceTree = "<group>"; };
		A1B2C3D40200000000000003 /* MenuBarView.swift */ = {isa = PBXFileReference; lastKnownFileType = sourcecode.swift; path = MenuBarView.swift; sourceTree = "<group>"; };
		A1B2C3D40300000000000001 /* Ahem.app */ = {isa = PBXFileReference; explicitFileType = wrapper.application; includeInIndex = 0; path = Ahem.app; sourceTree = BUILT_PRODUCTS_DIR; };
/* End PBXFileReference section */

/* Begin PBXFrameworksBuildPhase section */
		A1B2C3D40400000000000001 /* Frameworks */ = {
			isa = PBXFrameworksBuildPhase;
			buildActionMask = 2147483647;
			files = (
			);
			runOnlyForDeploymentPostprocessing = 0;
		};
/* End PBXFrameworksBuildPhase section */

/* Begin PBXGroup section */
		A1B2C3D40500000000000001 = {
			isa = PBXGroup;
			children = (
				A1B2C3D40500000000000002 /* App */,
				A1B2C3D40500000000000003 /* Features */,
				A1B2C3D40500000000000004 /* Services */,
				A1B2C3D40500000000000005 /* Models */,
				A1B2C3D40500000000000006 /* Utilities */,
				A1B2C3D40500000000000008 /* Products */,
			);
			sourceTree = "<group>";
		};
		A1B2C3D40500000000000002 /* App */ = {
			isa = PBXGroup;
			children = (
				A1B2C3D40200000000000001 /* AhemApp.swift */,
				A1B2C3D40200000000000002 /* AppCoordinator.swift */,
			);
			path = App;
			sourceTree = "<group>";
		};
		A1B2C3D40500000000000003 /* Features */ = {
			isa = PBXGroup;
			children = (
				A1B2C3D40500000000000009 /* MenuBar */,
			);
			path = Features;
			sourceTree = "<group>";
		};
		A1B2C3D40500000000000004 /* Services */ = {
			isa = PBXGroup;
			children = (
			);
			path = Services;
			sourceTree = "<group>";
		};
		A1B2C3D40500000000000005 /* Models */ = {
			isa = PBXGroup;
			children = (
			);
			path = Models;
			sourceTree = "<group>";
		};
		A1B2C3D40500000000000006 /* Utilities */ = {
			isa = PBXGroup;
			children = (
			);
			path = Utilities;
			sourceTree = "<group>";
		};
		A1B2C3D40500000000000008 /* Products */ = {
			isa = PBXGroup;
			children = (
				A1B2C3D40300000000000001 /* Ahem.app */,
			);
			name = Products;
			sourceTree = "<group>";
		};
		A1B2C3D40500000000000009 /* MenuBar */ = {
			isa = PBXGroup;
			children = (
				A1B2C3D40200000000000003 /* MenuBarView.swift */,
			);
			path = MenuBar;
			sourceTree = "<group>";
		};
/* End PBXGroup section */

/* Begin PBXNativeTarget section */
		A1B2C3D40600000000000001 /* Ahem */ = {
			isa = PBXNativeTarget;
			buildConfigurationList = A1B2C3D40800000000000003 /* Build configuration list for PBXNativeTarget "Ahem" */;
			buildPhases = (
				A1B2C3D40700000000000001 /* Sources */,
				A1B2C3D40400000000000001 /* Frameworks */,
			);
			buildRules = (
			);
			dependencies = (
			);
			name = Ahem;
			productName = Ahem;
			productReference = A1B2C3D40300000000000001 /* Ahem.app */;
			productType = "com.apple.product-type.application";
		};
/* End PBXNativeTarget section */

/* Begin PBXProject section */
		A1B2C3D40900000000000001 /* Project object */ = {
			isa = PBXProject;
			attributes = {
				BuildIndependentTargetsInParallel = 1;
				LastSwiftUpdateCheck = 1500;
				LastUpgradeCheck = 1500;
				TargetAttributes = {
					A1B2C3D40600000000000001 = {
						CreatedOnToolsVersion = 15.0;
					};
				};
			};
			buildConfigurationList = A1B2C3D40800000000000001 /* Build configuration list for PBXProject "Ahem" */;
			compatibilityVersion = "Xcode 14.0";
			developmentRegion = en;
			hasScannedForEncodings = 0;
			knownRegions = (
				en,
				Base,
			);
			mainGroup = A1B2C3D40500000000000001;
			productRefGroup = A1B2C3D40500000000000008 /* Products */;
			projectDirPath = "";
			projectRoot = "";
			targets = (
				A1B2C3D40600000000000001 /* Ahem */,
			);
		};
/* End PBXProject section */

/* Begin PBXSourcesBuildPhase section */
		A1B2C3D40700000000000001 /* Sources */ = {
			isa = PBXSourcesBuildPhase;
			buildActionMask = 2147483647;
			files = (
				A1B2C3D40100000000000001 /* AhemApp.swift in Sources */,
				A1B2C3D40100000000000002 /* AppCoordinator.swift in Sources */,
				A1B2C3D40100000000000003 /* MenuBarView.swift in Sources */,
			);
			runOnlyForDeploymentPostprocessing = 0;
		};
/* End PBXSourcesBuildPhase section */

/* Begin XCBuildConfiguration section */
		A1B2C3D40A00000000000001 /* Debug */ = {
			isa = XCBuildConfiguration;
			buildSettings = {
				ALWAYS_SEARCH_USER_PATHS = NO;
				ASSETCATALOG_COMPILER_GENERATE_SWIFT_ASSET_SYMBOL_EXTENSIONS = YES;
				CLANG_ANALYZER_NONNULL = YES;
				CLANG_ENABLE_MODULES = YES;
				CLANG_ENABLE_OBJC_ARC = YES;
				COPY_PHASE_STRIP = NO;
				DEBUG_INFORMATION_FORMAT = dwarf;
				ENABLE_STRICT_OBJC_MSGSEND = YES;
				ENABLE_TESTABILITY = YES;
				GCC_DYNAMIC_NO_PIC = NO;
				GCC_OPTIMIZATION_LEVEL = 0;
				GCC_PREPROCESSOR_DEFINITIONS = (
					"DEBUG=1",
					"$(inherited)",
				);
				MACOSX_DEPLOYMENT_TARGET = 14.0;
				MTL_ENABLE_DEBUG_INFO = INCLUDE_SOURCE;
				ONLY_ACTIVE_ARCH = YES;
				SDKROOT = macosx;
				SWIFT_ACTIVE_COMPILATION_CONDITIONS = "DEBUG $(inherited)";
				SWIFT_OPTIMIZATION_LEVEL = "-Onone";
			};
			name = Debug;
		};
		A1B2C3D40A00000000000002 /* Release */ = {
			isa = XCBuildConfiguration;
			buildSettings = {
				ALWAYS_SEARCH_USER_PATHS = NO;
				ASSETCATALOG_COMPILER_GENERATE_SWIFT_ASSET_SYMBOL_EXTENSIONS = YES;
				CLANG_ANALYZER_NONNULL = YES;
				CLANG_ENABLE_MODULES = YES;
				CLANG_ENABLE_OBJC_ARC = YES;
				COPY_PHASE_STRIP = NO;
				DEBUG_INFORMATION_FORMAT = "dwarf-with-dsym";
				ENABLE_NS_ASSERTIONS = NO;
				ENABLE_STRICT_OBJC_MSGSEND = YES;
				MACOSX_DEPLOYMENT_TARGET = 14.0;
				MTL_ENABLE_DEBUG_INFO = NO;
				SDKROOT = macosx;
				SWIFT_COMPILATION_MODE = wholemodule;
			};
			name = Release;
		};
		A1B2C3D40A00000000000003 /* Debug */ = {
			isa = XCBuildConfiguration;
			buildSettings = {
				CODE_SIGN_STYLE = Automatic;
				COMBINE_HIDPI_IMAGES = YES;
				CURRENT_PROJECT_VERSION = 1;
				DEVELOPMENT_TEAM = "";
				ENABLE_HARDENED_RUNTIME = YES;
				GENERATE_INFOPLIST_FILE = YES;
				INFOPLIST_KEY_LSUIElement = YES;
				INFOPLIST_KEY_NSHumanReadableCopyright = "";
				LD_RUNPATH_SEARCH_PATHS = (
					"$(inherited)",
					"@executable_path/../Frameworks",
				);
				MARKETING_VERSION = 0.1.0;
				PRODUCT_BUNDLE_IDENTIFIER = com.getahem.Ahem;
				PRODUCT_NAME = "$(TARGET_NAME)";
				SWIFT_EMIT_LOC_STRINGS = YES;
				SWIFT_VERSION = 5.0;
			};
			name = Debug;
		};
		A1B2C3D40A00000000000004 /* Release */ = {
			isa = XCBuildConfiguration;
			buildSettings = {
				CODE_SIGN_STYLE = Automatic;
				COMBINE_HIDPI_IMAGES = YES;
				CURRENT_PROJECT_VERSION = 1;
				DEVELOPMENT_TEAM = "";
				ENABLE_HARDENED_RUNTIME = YES;
				GENERATE_INFOPLIST_FILE = YES;
				INFOPLIST_KEY_LSUIElement = YES;
				INFOPLIST_KEY_NSHumanReadableCopyright = "";
				LD_RUNPATH_SEARCH_PATHS = (
					"$(inherited)",
					"@executable_path/../Frameworks",
				);
				MARKETING_VERSION = 0.1.0;
				PRODUCT_BUNDLE_IDENTIFIER = com.getahem.Ahem;
				PRODUCT_NAME = "$(TARGET_NAME)";
				SWIFT_EMIT_LOC_STRINGS = YES;
				SWIFT_VERSION = 5.0;
			};
			name = Release;
		};
/* End XCBuildConfiguration section */

/* Begin XCConfigurationList section */
		A1B2C3D40800000000000001 /* Build configuration list for PBXProject "Ahem" */ = {
			isa = XCConfigurationList;
			buildConfigurations = (
				A1B2C3D40A00000000000001 /* Debug */,
				A1B2C3D40A00000000000002 /* Release */,
			);
			defaultConfigurationIsVisible = 0;
			defaultConfigurationName = Release;
		};
		A1B2C3D40800000000000003 /* Build configuration list for PBXNativeTarget "Ahem" */ = {
			isa = XCConfigurationList;
			buildConfigurations = (
				A1B2C3D40A00000000000003 /* Debug */,
				A1B2C3D40A00000000000004 /* Release */,
			);
			defaultConfigurationIsVisible = 0;
			defaultConfigurationName = Release;
		};
/* End XCConfigurationList section */
	};
	rootObject = A1B2C3D40900000000000001 /* Project object */;
}
